
Microsoft Visual Studio Solution File, Format Version 12.00
# Visual Studio Version 17
VisualStudioVersion = 17.2.32616.157
MinimumVisualStudioVersion = 10.0.40219.1
Project("{FAE04EC0-301F-11D3-BF4B-00C04F79EFBC}") = "NumberGuesser", "NumberGuesser\NumberGuesser.csproj", "{C9A3A380-A719-49F0-9B35-B78E1CAE3F59}"
EndProject
Project("{2150E333-8FDC-42A3-9474-1A3956D46DE8}") = "Elementy rozwiązania", "Elementy rozwiązania", "{FF8ACCB1-9B40-43EC-9F3D-90626BD890D1}"
EndProject
Global
	GlobalSection(SolutionConfigurationPlatforms) = preSolution
		Debug|Any CPU = Debug|Any CPU
		Release|Any CPU = Release|Any CPU
	EndGlobalSection
	GlobalSection(ProjectConfigurationPlatforms) = postSolution
		{C9A3A380-A719-49F0-9B35-B78E1CAE3F59}.Debug|Any CPU.ActiveCfg = Debug|Any CPU
		{C9A3A380-A719-49F0-9B35-B78E1CAE3F59}.Debug|Any CPU.Build.0 = Debug|Any CPU
		{C9A3A380-A719-49F0-9B35-B78E1CAE3F59}.Release|Any CPU.ActiveCfg = Release|Any CPU
		{C9A3A380-A719-49F0-9B35-B78E1CAE3F59}.Release|Any CPU.Build.0 = Release|Any CPU
	EndGlobalSection
	GlobalSection(SolutionProperties) = preSolution
		HideSolutionNode = FALSE
	EndGlobalSection
	GlobalSection(ExtensibilityGlobals) = postSolution
		SolutionGuid = {158E0FDE-F98A-4BFE-83D8-EB9FD9E74B90}
	EndGlobalSection
EndGlobal
